
Microsoft Visual Studio Solution File, Format Version 12.00
Project("{FAE04EC0-301F-11D3-BF4B-00C04F79EFBC}") = "RussianAddress", "RussianAddress\RussianAddress.csproj", "{E5E4B818-C4AA-4E4F-9981-6E68944869B5}"
EndProject
Global
	GlobalSection(SolutionConfigurationPlatforms) = preSolution
		Debug|Any CPU = Debug|Any CPU
		Release|Any CPU = Release|Any CPU
	EndGlobalSection
	GlobalSection(ProjectConfigurationPlatforms) = postSolution
		{E5E4B818-C4AA-4E4F-9981-6E68944869B5}.Debug|Any CPU.ActiveCfg = Debug|Any CPU
		{E5E4B818-C4AA-4E4F-9981-6E68944869B5}.Debug|Any CPU.Build.0 = Debug|Any CPU
		{E5E4B818-C4AA-4E4F-9981-6E68944869B5}.Release|Any CPU.ActiveCfg = Release|Any CPU
		{E5E4B818-C4AA-4E4F-9981-6E68944869B5}.Release|Any CPU.Build.0 = Release|Any CPU
	EndGlobalSection
EndGlobal
